
Microsoft Visual Studio Solution File, Format Version 12.00
# Visual Studio 15
VisualStudioVersion = 15.0.27130.2027
MinimumVisualStudioVersion = 10.0.40219.1
Project("{9A19103F-16F7-4668-BE54-9A1E7A4F7556}") = "5eCreatureScaler", "5eCreatureScaler\5eCreatureScaler.csproj", "{B4745B0B-DE27-4AA4-87F0-64AD3875744D}"
EndProject
Project("{FAE04EC0-301F-11D3-BF4B-00C04F79EFBC}") = "Open5ECreatureDownloader", "Open5ECreatureDownloader\Open5ECreatureDownloader.csproj", "{E492941E-5462-40EF-86B5-3DB55516CB72}"
EndProject
Project("{FAE04EC0-301F-11D3-BF4B-00C04F79EFBC}") = "Open5eCreatureDownloader.Test", "Open5eCreatureDownloader.Test\Open5eCreatureDownloader.Test.csproj", "{9EB391BB-4BE5-4DB5-9E6D-A78F87BF97F5}"
EndProject
Global
	GlobalSection(SolutionConfigurationPlatforms) = preSolution
		Debug|Any CPU = Debug|Any CPU
		Release|Any CPU = Release|Any CPU
	EndGlobalSection
	GlobalSection(ProjectConfigurationPlatforms) = postSolution
		{B4745B0B-DE27-4AA4-87F0-64AD3875744D}.Debug|Any CPU.ActiveCfg = Debug|Any CPU
		{B4745B0B-DE27-4AA4-87F0-64AD3875744D}.Debug|Any CPU.Build.0 = Debug|Any CPU
		{B4745B0B-DE27-4AA4-87F0-64AD3875744D}.Release|Any CPU.ActiveCfg = Release|Any CPU
		{B4745B0B-DE27-4AA4-87F0-64AD3875744D}.Release|Any CPU.Build.0 = Release|Any CPU
		{E492941E-5462-40EF-86B5-3DB55516CB72}.Debug|Any CPU.ActiveCfg = Debug|Any CPU
		{E492941E-5462-40EF-86B5-3DB55516CB72}.Debug|Any CPU.Build.0 = Debug|Any CPU
		{E492941E-5462-40EF-86B5-3DB55516CB72}.Release|Any CPU.ActiveCfg = Release|Any CPU
		{E492941E-5462-40EF-86B5-3DB55516CB72}.Release|Any CPU.Build.0 = Release|Any CPU
		{9EB391BB-4BE5-4DB5-9E6D-A78F87BF97F5}.Debug|Any CPU.ActiveCfg = Debug|Any CPU
		{9EB391BB-4BE5-4DB5-9E6D-A78F87BF97F5}.Debug|Any CPU.Build.0 = Debug|Any CPU
		{9EB391BB-4BE5-4DB5-9E6D-A78F87BF97F5}.Release|Any CPU.ActiveCfg = Release|Any CPU
		{9EB391BB-4BE5-4DB5-9E6D-A78F87BF97F5}.Release|Any CPU.Build.0 = Release|Any CPU
	EndGlobalSection
	GlobalSection(SolutionProperties) = preSolution
		HideSolutionNode = FALSE
	EndGlobalSection
	GlobalSection(ExtensibilityGlobals) = postSolution
		SolutionGuid = {E880B2EB-613A-4869-8DFB-BCFA09736E8F}
	EndGlobalSection
EndGlobal
